
Microsoft Visual Studio Solution File, Format Version 12.00
# Visual Studio Version 17
VisualStudioVersion = 17.9.34714.143
MinimumVisualStudioVersion = 10.0.40219.1
Project("{FAE04EC0-301F-11D3-BF4B-00C04F79EFBC}") = "OOP_ll_LAB_EXP_3B", "OOP_ll_LAB_EXP_3B\OOP_ll_LAB_EXP_3B.csproj", "{D10BA952-8A35-4A6F-9C9F-E52E8FA83617}"
EndProject
Global
	GlobalSection(SolutionConfigurationPlatforms) = preSolution
		Debug|Any CPU = Debug|Any CPU
		Release|Any CPU = Release|Any CPU
	EndGlobalSection
	GlobalSection(ProjectConfigurationPlatforms) = postSolution
		{D10BA952-8A35-4A6F-9C9F-E52E8FA83617}.Debug|Any CPU.ActiveCfg = Debug|Any CPU
		{D10BA952-8A35-4A6F-9C9F-E52E8FA83617}.Debug|Any CPU.Build.0 = Debug|Any CPU
		{D10BA952-8A35-4A6F-9C9F-E52E8FA83617}.Release|Any CPU.ActiveCfg = Release|Any CPU
		{D10BA952-8A35-4A6F-9C9F-E52E8FA83617}.Release|Any CPU.Build.0 = Release|Any CPU
	EndGlobalSection
	GlobalSection(SolutionProperties) = preSolution
		HideSolutionNode = FALSE
	EndGlobalSection
	GlobalSection(ExtensibilityGlobals) = postSolution
		SolutionGuid = {51A65C90-8ADA-4755-8921-17BB14C1F10F}
	EndGlobalSection
EndGlobal
